
Microsoft Visual Studio Solution File, Format Version 12.00
# Visual Studio Version 16
VisualStudioVersion = 16.0.30804.86
MinimumVisualStudioVersion = 10.0.40219.1
Project("{FAE04EC0-301F-11D3-BF4B-00C04F79EFBC}") = "InsertAtEndOfSinglyLinkedList", "InsertAtEndOfSinglyLinkedList.csproj", "{032F6342-0A5A-4E37-82CC-C9E480F698F3}"
EndProject
Global
	GlobalSection(SolutionConfigurationPlatforms) = preSolution
		Debug|Any CPU = Debug|Any CPU
		Release|Any CPU = Release|Any CPU
	EndGlobalSection
	GlobalSection(ProjectConfigurationPlatforms) = postSolution
		{032F6342-0A5A-4E37-82CC-C9E480F698F3}.Debug|Any CPU.ActiveCfg = Debug|Any CPU
		{032F6342-0A5A-4E37-82CC-C9E480F698F3}.Debug|Any CPU.Build.0 = Debug|Any CPU
		{032F6342-0A5A-4E37-82CC-C9E480F698F3}.Release|Any CPU.ActiveCfg = Release|Any CPU
		{032F6342-0A5A-4E37-82CC-C9E480F698F3}.Release|Any CPU.Build.0 = Release|Any CPU
	EndGlobalSection
	GlobalSection(SolutionProperties) = preSolution
		HideSolutionNode = FALSE
	EndGlobalSection
	GlobalSection(ExtensibilityGlobals) = postSolution
		SolutionGuid = {EE07C21A-01B1-4C5C-A600-4D9AD748D5A3}
	EndGlobalSection
EndGlobal
