
Microsoft Visual Studio Solution File, Format Version 12.00
# Visual Studio Version 16
VisualStudioVersion = 16.0.30804.86
MinimumVisualStudioVersion = 10.0.40219.1
Project("{FAE04EC0-301F-11D3-BF4B-00C04F79EFBC}") = "BalancedBrackets", "BalancedBrackets.csproj", "{7452E9D5-E222-4104-A01D-646AA4B8E364}"
EndProject
Global
	GlobalSection(SolutionConfigurationPlatforms) = preSolution
		Debug|Any CPU = Debug|Any CPU
		Release|Any CPU = Release|Any CPU
	EndGlobalSection
	GlobalSection(ProjectConfigurationPlatforms) = postSolution
		{7452E9D5-E222-4104-A01D-646AA4B8E364}.Debug|Any CPU.ActiveCfg = Debug|Any CPU
		{7452E9D5-E222-4104-A01D-646AA4B8E364}.Debug|Any CPU.Build.0 = Debug|Any CPU
		{7452E9D5-E222-4104-A01D-646AA4B8E364}.Release|Any CPU.ActiveCfg = Release|Any CPU
		{7452E9D5-E222-4104-A01D-646AA4B8E364}.Release|Any CPU.Build.0 = Release|Any CPU
	EndGlobalSection
	GlobalSection(SolutionProperties) = preSolution
		HideSolutionNode = FALSE
	EndGlobalSection
	GlobalSection(ExtensibilityGlobals) = postSolution
		SolutionGuid = {38DDC7B8-1F0F-423E-9144-9504FC2E6051}
	EndGlobalSection
EndGlobal
