
Microsoft Visual Studio Solution File, Format Version 12.00
# Visual Studio Version 16
VisualStudioVersion = 16.0.30804.86
MinimumVisualStudioVersion = 10.0.40219.1
Project("{FAE04EC0-301F-11D3-BF4B-00C04F79EFBC}") = "ReverUsingSingleLinkedList", "ReverUsingSingleLinkedList.csproj", "{8CD06CC9-F267-403A-B294-B796534C3318}"
EndProject
Global
	GlobalSection(SolutionConfigurationPlatforms) = preSolution
		Debug|Any CPU = Debug|Any CPU
		Release|Any CPU = Release|Any CPU
	EndGlobalSection
	GlobalSection(ProjectConfigurationPlatforms) = postSolution
		{8CD06CC9-F267-403A-B294-B796534C3318}.Debug|Any CPU.ActiveCfg = Debug|Any CPU
		{8CD06CC9-F267-403A-B294-B796534C3318}.Debug|Any CPU.Build.0 = Debug|Any CPU
		{8CD06CC9-F267-403A-B294-B796534C3318}.Release|Any CPU.ActiveCfg = Release|Any CPU
		{8CD06CC9-F267-403A-B294-B796534C3318}.Release|Any CPU.Build.0 = Release|Any CPU
	EndGlobalSection
	GlobalSection(SolutionProperties) = preSolution
		HideSolutionNode = FALSE
	EndGlobalSection
	GlobalSection(ExtensibilityGlobals) = postSolution
		SolutionGuid = {932CD4EC-0560-48F8-8AB7-F37F8E774CFB}
	EndGlobalSection
EndGlobal
